
Microsoft Visual Studio Solution File, Format Version 12.00
# Visual Studio 14
VisualStudioVersion = 14.0.25420.1
MinimumVisualStudioVersion = 10.0.40219.1
Project("{FAE04EC0-301F-11D3-BF4B-00C04F79EFBC}") = "HolidayApi.NET", "HolidayApi.NET\HolidayApi.NET.csproj", "{93C28E62-E142-4F5C-B18A-A6EC5FB31443}"
EndProject
Project("{FAE04EC0-301F-11D3-BF4B-00C04F79EFBC}") = "Test", "Test\Test.csproj", "{96530285-CA42-4572-8157-EE13D616F4F8}"
EndProject
Global
	GlobalSection(SolutionConfigurationPlatforms) = preSolution
		Debug|Any CPU = Debug|Any CPU
		Release|Any CPU = Release|Any CPU
	EndGlobalSection
	GlobalSection(ProjectConfigurationPlatforms) = postSolution
		{93C28E62-E142-4F5C-B18A-A6EC5FB31443}.Debug|Any CPU.ActiveCfg = Debug|Any CPU
		{93C28E62-E142-4F5C-B18A-A6EC5FB31443}.Debug|Any CPU.Build.0 = Debug|Any CPU
		{93C28E62-E142-4F5C-B18A-A6EC5FB31443}.Release|Any CPU.ActiveCfg = Release|Any CPU
		{93C28E62-E142-4F5C-B18A-A6EC5FB31443}.Release|Any CPU.Build.0 = Release|Any CPU
		{96530285-CA42-4572-8157-EE13D616F4F8}.Debug|Any CPU.ActiveCfg = Debug|Any CPU
		{96530285-CA42-4572-8157-EE13D616F4F8}.Debug|Any CPU.Build.0 = Debug|Any CPU
		{96530285-CA42-4572-8157-EE13D616F4F8}.Release|Any CPU.ActiveCfg = Release|Any CPU
		{96530285-CA42-4572-8157-EE13D616F4F8}.Release|Any CPU.Build.0 = Release|Any CPU
	EndGlobalSection
	GlobalSection(SolutionProperties) = preSolution
		HideSolutionNode = FALSE
	EndGlobalSection
EndGlobal
